
Microsoft Visual Studio Solution File, Format Version 12.00
# Visual Studio Version 17
VisualStudioVersion = 17.8.34330.188
MinimumVisualStudioVersion = 10.0.40219.1
Project("{9A19103F-16F7-4668-BE54-9A1E7A4F7556}") = "Netflix.DAL", "Netflix.DAL\Netflix.DAL.csproj", "{413FD3C9-31F6-4FA2-997F-9A842ECBE8B7}"
EndProject
Project("{FAE04EC0-301F-11D3-BF4B-00C04F79EFBC}") = "Netflix.Entity", "Netflix.Entity\Netflix.Entity.csproj", "{879F4236-5775-4C35-B917-353524B08947}"
EndProject
Project("{FAE04EC0-301F-11D3-BF4B-00C04F79EFBC}") = "Netflix.PL", "Netflix.PL\Netflix.PL.csproj", "{B26A1311-6194-42D5-B443-7F2FD254332D}"
EndProject
Project("{FAE04EC0-301F-11D3-BF4B-00C04F79EFBC}") = "Netflix.BLL", "Netflix.BLL\Netflix.BLL.csproj", "{8FCF67A3-6C77-4221-9A28-74A22C99ED4B}"
EndProject
Global
	GlobalSection(SolutionConfigurationPlatforms) = preSolution
		Debug|Any CPU = Debug|Any CPU
		Release|Any CPU = Release|Any CPU
	EndGlobalSection
	GlobalSection(ProjectConfigurationPlatforms) = postSolution
		{413FD3C9-31F6-4FA2-997F-9A842ECBE8B7}.Debug|Any CPU.ActiveCfg = Debug|Any CPU
		{413FD3C9-31F6-4FA2-997F-9A842ECBE8B7}.Debug|Any CPU.Build.0 = Debug|Any CPU
		{413FD3C9-31F6-4FA2-997F-9A842ECBE8B7}.Release|Any CPU.ActiveCfg = Release|Any CPU
		{413FD3C9-31F6-4FA2-997F-9A842ECBE8B7}.Release|Any CPU.Build.0 = Release|Any CPU
		{879F4236-5775-4C35-B917-353524B08947}.Debug|Any CPU.ActiveCfg = Debug|Any CPU
		{879F4236-5775-4C35-B917-353524B08947}.Debug|Any CPU.Build.0 = Debug|Any CPU
		{879F4236-5775-4C35-B917-353524B08947}.Release|Any CPU.ActiveCfg = Release|Any CPU
		{879F4236-5775-4C35-B917-353524B08947}.Release|Any CPU.Build.0 = Release|Any CPU
		{B26A1311-6194-42D5-B443-7F2FD254332D}.Debug|Any CPU.ActiveCfg = Debug|Any CPU
		{B26A1311-6194-42D5-B443-7F2FD254332D}.Debug|Any CPU.Build.0 = Debug|Any CPU
		{B26A1311-6194-42D5-B443-7F2FD254332D}.Release|Any CPU.ActiveCfg = Release|Any CPU
		{B26A1311-6194-42D5-B443-7F2FD254332D}.Release|Any CPU.Build.0 = Release|Any CPU
		{8FCF67A3-6C77-4221-9A28-74A22C99ED4B}.Debug|Any CPU.ActiveCfg = Debug|Any CPU
		{8FCF67A3-6C77-4221-9A28-74A22C99ED4B}.Debug|Any CPU.Build.0 = Debug|Any CPU
		{8FCF67A3-6C77-4221-9A28-74A22C99ED4B}.Release|Any CPU.ActiveCfg = Release|Any CPU
		{8FCF67A3-6C77-4221-9A28-74A22C99ED4B}.Release|Any CPU.Build.0 = Release|Any CPU
	EndGlobalSection
	GlobalSection(SolutionProperties) = preSolution
		HideSolutionNode = FALSE
	EndGlobalSection
	GlobalSection(ExtensibilityGlobals) = postSolution
		SolutionGuid = {0503B4EE-6AF4-46C7-B723-0652FD6A30AC}
	EndGlobalSection
EndGlobal
