
Microsoft Visual Studio Solution File, Format Version 12.00
# Visual Studio Version 17
VisualStudioVersion = 17.8.34330.188
MinimumVisualStudioVersion = 10.0.40219.1
Project("{2150E333-8FDC-42A3-9474-1A3956D46DE8}") = "Core", "Core", "{7504277B-CFC2-4E6E-BD96-057E04E2699F}"
EndProject
Project("{2150E333-8FDC-42A3-9474-1A3956D46DE8}") = "Infrastructure", "Infrastructure", "{9B7514E2-E012-4BA9-B3BE-8CBD9B0C75D8}"
EndProject
Project("{2150E333-8FDC-42A3-9474-1A3956D46DE8}") = "Presentation", "Presentation", "{ECD918E5-FA47-4D7E-B743-179A22E62263}"
EndProject
Project("{9A19103F-16F7-4668-BE54-9A1E7A4F7556}") = "Netflix3d.API", "Presentation\Netflix3d.API\Netflix3d.API.csproj", "{702C7DAB-470E-4D84-9317-9557645DCB22}"
EndProject
Project("{9A19103F-16F7-4668-BE54-9A1E7A4F7556}") = "Netflix3d.Infrastructure", "Infrastructure\Netflix3d.Infrastructure\Netflix3d.Infrastructure.csproj", "{56E7F2FB-443E-42AB-A6AB-766F260A5961}"
EndProject
Project("{9A19103F-16F7-4668-BE54-9A1E7A4F7556}") = "Netflix3d.Persistence", "Infrastructure\Netflix3d.Persistence\Netflix3d.Persistence.csproj", "{22E22326-AFA3-4498-AA9F-8B8D7EFFB19D}"
EndProject
Project("{9A19103F-16F7-4668-BE54-9A1E7A4F7556}") = "Netflix3d.Domain", "Core\Netflix3d.Domain\Netflix3d.Domain.csproj", "{B32771F8-8653-43E4-A300-5EED3389828C}"
EndProject
Project("{9A19103F-16F7-4668-BE54-9A1E7A4F7556}") = "Netflix3d.Application", "Core\Netflix3d.Application\Netflix3d.Application.csproj", "{A4E4DC59-A2D3-4880-A137-18E66088AEF6}"
EndProject
Project("{2150E333-8FDC-42A3-9474-1A3956D46DE8}") = "Mapper", "Mapper", "{AC95171E-E438-4D9A-B9E6-4ABDD3F2EE7A}"
EndProject
Project("{FAE04EC0-301F-11D3-BF4B-00C04F79EFBC}") = "Netflix3d.Mapper", "Mapper\Netflix3d.Mapper\Netflix3d.Mapper.csproj", "{61AA53BD-C6C5-40E4-9B83-8067A0C30447}"
EndProject
Global
	GlobalSection(SolutionConfigurationPlatforms) = preSolution
		Debug|Any CPU = Debug|Any CPU
		Release|Any CPU = Release|Any CPU
	EndGlobalSection
	GlobalSection(ProjectConfigurationPlatforms) = postSolution
		{702C7DAB-470E-4D84-9317-9557645DCB22}.Debug|Any CPU.ActiveCfg = Debug|Any CPU
		{702C7DAB-470E-4D84-9317-9557645DCB22}.Debug|Any CPU.Build.0 = Debug|Any CPU
		{702C7DAB-470E-4D84-9317-9557645DCB22}.Release|Any CPU.ActiveCfg = Release|Any CPU
		{702C7DAB-470E-4D84-9317-9557645DCB22}.Release|Any CPU.Build.0 = Release|Any CPU
		{56E7F2FB-443E-42AB-A6AB-766F260A5961}.Debug|Any CPU.ActiveCfg = Debug|Any CPU
		{56E7F2FB-443E-42AB-A6AB-766F260A5961}.Debug|Any CPU.Build.0 = Debug|Any CPU
		{56E7F2FB-443E-42AB-A6AB-766F260A5961}.Release|Any CPU.ActiveCfg = Release|Any CPU
		{56E7F2FB-443E-42AB-A6AB-766F260A5961}.Release|Any CPU.Build.0 = Release|Any CPU
		{22E22326-AFA3-4498-AA9F-8B8D7EFFB19D}.Debug|Any CPU.ActiveCfg = Debug|Any CPU
		{22E22326-AFA3-4498-AA9F-8B8D7EFFB19D}.Debug|Any CPU.Build.0 = Debug|Any CPU
		{22E22326-AFA3-4498-AA9F-8B8D7EFFB19D}.Release|Any CPU.ActiveCfg = Release|Any CPU
		{22E22326-AFA3-4498-AA9F-8B8D7EFFB19D}.Release|Any CPU.Build.0 = Release|Any CPU
		{B32771F8-8653-43E4-A300-5EED3389828C}.Debug|Any CPU.ActiveCfg = Debug|Any CPU
		{B32771F8-8653-43E4-A300-5EED3389828C}.Debug|Any CPU.Build.0 = Debug|Any CPU
		{B32771F8-8653-43E4-A300-5EED3389828C}.Release|Any CPU.ActiveCfg = Release|Any CPU
		{B32771F8-8653-43E4-A300-5EED3389828C}.Release|Any CPU.Build.0 = Release|Any CPU
		{A4E4DC59-A2D3-4880-A137-18E66088AEF6}.Debug|Any CPU.ActiveCfg = Debug|Any CPU
		{A4E4DC59-A2D3-4880-A137-18E66088AEF6}.Debug|Any CPU.Build.0 = Debug|Any CPU
		{A4E4DC59-A2D3-4880-A137-18E66088AEF6}.Release|Any CPU.ActiveCfg = Release|Any CPU
		{A4E4DC59-A2D3-4880-A137-18E66088AEF6}.Release|Any CPU.Build.0 = Release|Any CPU
		{61AA53BD-C6C5-40E4-9B83-8067A0C30447}.Debug|Any CPU.ActiveCfg = Debug|Any CPU
		{61AA53BD-C6C5-40E4-9B83-8067A0C30447}.Debug|Any CPU.Build.0 = Debug|Any CPU
		{61AA53BD-C6C5-40E4-9B83-8067A0C30447}.Release|Any CPU.ActiveCfg = Release|Any CPU
		{61AA53BD-C6C5-40E4-9B83-8067A0C30447}.Release|Any CPU.Build.0 = Release|Any CPU
	EndGlobalSection
	GlobalSection(SolutionProperties) = preSolution
		HideSolutionNode = FALSE
	EndGlobalSection
	GlobalSection(NestedProjects) = preSolution
		{702C7DAB-470E-4D84-9317-9557645DCB22} = {ECD918E5-FA47-4D7E-B743-179A22E62263}
		{56E7F2FB-443E-42AB-A6AB-766F260A5961} = {9B7514E2-E012-4BA9-B3BE-8CBD9B0C75D8}
		{22E22326-AFA3-4498-AA9F-8B8D7EFFB19D} = {9B7514E2-E012-4BA9-B3BE-8CBD9B0C75D8}
		{B32771F8-8653-43E4-A300-5EED3389828C} = {7504277B-CFC2-4E6E-BD96-057E04E2699F}
		{A4E4DC59-A2D3-4880-A137-18E66088AEF6} = {7504277B-CFC2-4E6E-BD96-057E04E2699F}
		{61AA53BD-C6C5-40E4-9B83-8067A0C30447} = {AC95171E-E438-4D9A-B9E6-4ABDD3F2EE7A}
	EndGlobalSection
	GlobalSection(ExtensibilityGlobals) = postSolution
		SolutionGuid = {0503B4EE-6AF4-46C7-B723-0652FD6A30AC}
	EndGlobalSection
EndGlobal
